{
  "name": "chat-app",
  "version": "1.0.0",
  "lockfileVersion": 2,
  "requires": true,
  "packages": {
    "": {
      "name": "chat-app",
      "version": "1.0.0",
      "license": "ISC",
      "workspaces": [
        "./packages/*"
      ]
    },
    "node_modules/backend": {
      "resolved": "packages/backend",
      "link": true
    },
    "packages/backend": {
      "version": "1.0.0",
      "license": "ISC"
    }
  },
  "dependencies": {
    "backend": {
      "version": "file:packages/backend"
    }
  }
}
